PODS:
  - BlocksKit (2.2.3):
    - BlocksKit/All
  - BlocksKit/All (2.2.3):
    - BlocksKit/Core
    - BlocksKit/DynamicDelegate
    - BlocksKit/MessageUI
    - BlocksKit/UIKit
  - BlocksKit/Core (2.2.3)
  - BlocksKit/DynamicDelegate (2.2.3)
  - BlocksKit/MessageUI (2.2.3):
    - BlocksKit/Core
    - BlocksKit/DynamicDelegate
  - BlocksKit/UIKit (2.2.3):
    - BlocksKit/Core
    - BlocksKit/DynamicDelegate
  - DPAnimators (0.0.4):
    - BlocksKit
    - DPKit-UIView
    - DPKit-Utils
  - DPKit-UIView (0.0.3):
    - DPKit-Utils
  - DPKit-Utils (0.0.30):
    - JMSimpleDate
  - JMSimpleDate (0.0.6)
  - VCTransitionsLibrary (1.4.0)

DEPENDENCIES:
  - DPAnimators (from `~/Development/LocalPods/DPAnimators`)
  - DPKit-UIView (from `~/Development/LocalPods/DPKit-Suite/DPKit-UIView`)
  - DPKit-Utils (from `~/Development/LocalPods/DPKit-Suite/DPKit-Utils`)
  - VCTransitionsLibrary

EXTERNAL SOURCES:
  DPAnimators:
    :path: ~/Development/LocalPods/DPAnimators
  DPKit-UIView:
    :path: ~/Development/LocalPods/DPKit-Suite/DPKit-UIView
  DPKit-Utils:
    :path: ~/Development/LocalPods/DPKit-Suite/DPKit-Utils

SPEC CHECKSUMS:
  BlocksKit: 07c8a80f04275efac6a5f8b973782489c083a182
  DPAnimators: 26a17b0965f6ba491e6a15ee7e1fb9aa6b508d17
  DPKit-UIView: 069926abffec4884ea0236a7f1072005eb9cf0be
  DPKit-Utils: 367b2b35209031eb0d322db082bbb03f68194c76
  JMSimpleDate: 22c1acdf6b6e57fbc2032f7ba9f3d77d8ddbacd2
  VCTransitionsLibrary: 0624c9163552cf5ded57f80f6285e20fa2863607

COCOAPODS: 0.33.1
