PODS:
  - DPKit-Utils (0.0.9):
    - JMSimpleDate
  - DPTransitions (0.0.1):
    - DPKit-Utils
  - JMSimpleDate (0.0.6)

DEPENDENCIES:
  - DPKit-Utils (from `~/Development/LocalPods/DPKit-Suite/DPKit-Utils`)
  - DPTransitions (from `~/Development/LocalPods/DPTransitions`)

EXTERNAL SOURCES:
  DPKit-Utils:
    :path: ~/Development/LocalPods/DPKit-Suite/DPKit-Utils
  DPTransitions:
    :path: ~/Development/LocalPods/DPTransitions

SPEC CHECKSUMS:
  DPKit-Utils: 495cb9f87d43e5f5728c3967b5e8801e3dfea436
  DPTransitions: 64dde9226d3cda93cf3cc63478d2b0d26ddc4108
  JMSimpleDate: 22c1acdf6b6e57fbc2032f7ba9f3d77d8ddbacd2

COCOAPODS: 0.32.1
