PODS:
  - AFNetworkActivityLogger (2.0.3):
    - AFNetworking/NSURLConnection (~> 2.0)
    - AFNetworking/NSURLSession (~> 2.0)
  - AFNetworking (2.3.1):
    - AFNetworking/NSURLConnection
    - AFNetworking/NSURLSession
    - AFNetworking/Reachability
    - AFNetworking/Security
    - AFNetworking/Serialization
    - AFNetworking/UIKit
  - AFNetworking/NSURLConnection (2.3.1):
    - AFNetworking/Reachability
    - AFNetworking/Security
    - AFNetworking/Serialization
  - AFNetworking/NSURLSession (2.3.1):
    - AFNetworking/Reachability
    - AFNetworking/Security
    - AFNetworking/Serialization
  - AFNetworking/Reachability (2.3.1)
  - AFNetworking/Security (2.3.1)
  - AFNetworking/Serialization (2.3.1)
  - AFNetworking/UIKit (2.3.1):
    - AFNetworking/NSURLConnection
    - AFNetworking/NSURLSession
  - AFOAuth2Client (0.1.1):
    - AFNetworking (~> 2.0)
  - AHEasing (1.2)
  - AutoCoding (2.2)
  - BlocksKit (2.2.3):
    - BlocksKit/All
  - BlocksKit/All (2.2.3):
    - BlocksKit/Core
    - BlocksKit/DynamicDelegate
    - BlocksKit/MessageUI
    - BlocksKit/UIKit
  - BlocksKit/Core (2.2.3)
  - BlocksKit/DynamicDelegate (2.2.3)
  - BlocksKit/MessageUI (2.2.3):
    - BlocksKit/Core
    - BlocksKit/DynamicDelegate
  - BlocksKit/UIKit (2.2.3):
    - BlocksKit/Core
    - BlocksKit/DynamicDelegate
  - CALayer-DPUtils (0.1.6):
    - DPKit-Utils
  - CJStringValidator (1.0.1)
  - CocoaLumberjack (1.9.1):
    - CocoaLumberjack/Extensions
  - CocoaLumberjack/Core (1.9.1)
  - CocoaLumberjack/Extensions (1.9.1):
    - CocoaLumberjack/Core
  - CrashlyticsFramework (2.2.1)
  - DKAccessoryButton (1.0.1)
  - DPAnimators (0.0.1):
    - DPKit-UIView
    - DPKit-Utils
  - DPCollectionView (0.0.4):
    - DPKit-Utils
  - DPKit-UIFont (0.0.3)
  - DPKit-UIView (0.0.3):
    - DPKit-Utils
  - DPKit-Utils (0.0.30):
    - JMSimpleDate
  - DPTableView (0.0.1):
    - DPKit-UIView
    - DPKit-Utils
  - DPTransitions (0.0.1):
    - DPAnimators (= 0.0.1)
    - DPKit-Utils
    - DPTransitions/Segues
  - DPTransitions/Segues (0.0.1):
    - DPAnimators (= 0.0.1)
    - DPKit-Utils
  - DRPaginatedScrollView (0.1)
  - DTCoreText (1.6.13):
    - DTFoundation/Core (~> 1.7.1)
    - DTFoundation/DTAnimatedGIF (~> 1.7.1)
    - DTFoundation/DTHTMLParser (~> 1.7.1)
    - DTFoundation/UIKit (~> 1.7.1)
  - DTFoundation/Core (1.7.2)
  - DTFoundation/DTAnimatedGIF (1.7.2)
  - DTFoundation/DTHTMLParser (1.7.2):
    - DTFoundation/Core
  - DTFoundation/UIKit (1.7.2):
    - DTFoundation/Core
  - ILTranslucentView (0.0.1)
  - JMSimpleDate (0.0.6)
  - KRLCollectionViewGridLayout (0.1.1)
  - NSAttributedString-DDHTML (0.0.1)
  - NSObject+AutoDescription (0.1)
  - NSString+RMURLEncoding (0.1.0)
  - Reveal-iOS-SDK (1.0.4)
  - TLLayoutTransitioning (1.0.1):
    - AHEasing
  - TWRBorderedView (0.1)
  - TWTPopTransitionController (0.0.1)
  - TWTToast/UIKit/ViewControllerTransitions (0.10)
  - UIAlertView+Blocks (0.8.1)
  - UIColorCategories (0.1.0)
  - VCTransitionsLibrary (1.4.0)

DEPENDENCIES:
  - AFNetworkActivityLogger
  - AFNetworking
  - AFOAuth2Client (from `https://github.com/mlwelles/AFOAuth2Client`)
  - AutoCoding
  - BlocksKit
  - CALayer-DPUtils (from `~/Development/LocalPods/Utilities/CALayer-DPUtils`)
  - CJStringValidator
  - CocoaLumberjack
  - CrashlyticsFramework
  - DKAccessoryButton
  - DPAnimators (from `~/Development/LocalPods/DPAnimators`)
  - DPCollectionView
  - DPKit-UIFont (from `~/Development/LocalPods/DPKit-Suite/DPKit-UIFont`)
  - DPKit-UIView (from `~/Development/LocalPods/DPKit-Suite/DPKit-UIView`)
  - DPKit-Utils (from `~/Development/LocalPods/DPKit-Suite/DPKit-Utils`)
  - DPTableView (from `~/Development/LocalPods/DPKit-Suite/DPTableView`)
  - DPTransitions (from `~/Development/LocalPods/DPTransitions`)
  - DRPaginatedScrollView
  - DTCoreText
  - ILTranslucentView
  - KRLCollectionViewGridLayout
  - NSAttributedString-DDHTML
  - NSObject+AutoDescription
  - NSString+RMURLEncoding
  - Reveal-iOS-SDK
  - TLLayoutTransitioning
  - TWRBorderedView
  - TWTPopTransitionController (from `~/Development/LocalPods/Forked/TWTPopTransitionController`)
  - TWTToast/UIKit/ViewControllerTransitions (~> 0.7)
  - UIAlertView+Blocks
  - UIColorCategories
  - VCTransitionsLibrary

EXTERNAL SOURCES:
  AFOAuth2Client:
    :git: https://github.com/mlwelles/AFOAuth2Client
  CALayer-DPUtils:
    :path: ~/Development/LocalPods/Utilities/CALayer-DPUtils
  DPAnimators:
    :path: ~/Development/LocalPods/DPAnimators
  DPKit-UIFont:
    :path: ~/Development/LocalPods/DPKit-Suite/DPKit-UIFont
  DPKit-UIView:
    :path: ~/Development/LocalPods/DPKit-Suite/DPKit-UIView
  DPKit-Utils:
    :path: ~/Development/LocalPods/DPKit-Suite/DPKit-Utils
  DPTableView:
    :path: ~/Development/LocalPods/DPKit-Suite/DPTableView
  DPTransitions:
    :path: ~/Development/LocalPods/DPTransitions
  TWTPopTransitionController:
    :path: ~/Development/LocalPods/Forked/TWTPopTransitionController

SPEC CHECKSUMS:
  AFNetworkActivityLogger: d6a2d2755fada3a1fbf1f490ec0dd92224e092a4
  AFNetworking: 6d7b76aa5d04c8c37daad3eef4b7e3f2a7620da3
  AFOAuth2Client: 05536bd4175add72e7efcb6b749d4e9685ed02f7
  AHEasing: ecab36683ef8c3a9a925fb85e892d1335e750f31
  AutoCoding: 2a15d57acf78912b72cc3b3a472e614b2f112a18
  BlocksKit: 07c8a80f04275efac6a5f8b973782489c083a182
  CALayer-DPUtils: cdd3ef1b054136ee30215aa7c06b0675f442f084
  CJStringValidator: 6b13b71275d3fce869b37ccbca025a2151712966
  CocoaLumberjack: 94accd5749f5c5d15134c8d50f34a973aed8ef69
  CrashlyticsFramework: a9d172599c3a34e68067e16446a764041b980162
  DKAccessoryButton: dc1e496dbf83cc03dae1692408874ef3830764cd
  DPAnimators: b5d8bf1ed85f17a49cabad1bcc22010c70d27ba8
  DPCollectionView: f9fa97254c21ff6dcec0a8e33f93b21bb315ac99
  DPKit-UIFont: 5128d629296622358f66b6d8d9fd16ab532578ea
  DPKit-UIView: 069926abffec4884ea0236a7f1072005eb9cf0be
  DPKit-Utils: 367b2b35209031eb0d322db082bbb03f68194c76
  DPTableView: c5617cb4751ae277a0fa75ae4d0a15e74ffe68bb
  DPTransitions: fb247247ff38c47a0fb2ca0f97d9d9ad4b8924b8
  DRPaginatedScrollView: 510eec673cbf0f142b3eb580ffc4fb182faba412
  DTCoreText: 84eb8ba2e70448fdd9d837540e371f9f587b65ba
  DTFoundation: 126729614911ae7dbab3dcc1c078f189943bee66
  ILTranslucentView: fa20cc89ceb451b54ae3d993c7dfb789873ef153
  JMSimpleDate: 22c1acdf6b6e57fbc2032f7ba9f3d77d8ddbacd2
  KRLCollectionViewGridLayout: 6bb02f60f0be933ef213a51fe254863133731a66
  NSAttributedString-DDHTML: b660068de47108746a88474e29f98ac32b5d3e16
  NSObject+AutoDescription: 741983bfabbfd2813c77078fdc91526853bad16d
  NSString+RMURLEncoding: 359c9dbfafeb38aa80c8b1689fb24a3768c1289c
  Reveal-iOS-SDK: d3c8e109d42219daaa7a6e1ad2de34f0bdbb7a88
  TLLayoutTransitioning: 03d71f0d35c6e7311b17031e3429114e417e3419
  TWRBorderedView: 34508430c24fc249d2079f1c508f9f63d07f4bd0
  TWTPopTransitionController: ec69c7c5ced75d26444cac4dbb5162ee9d96c02e
  TWTToast: 8b412ef2b7f3cb8c911c1ac1125737c573c0bcc3
  UIAlertView+Blocks: 0b749f1f7bd5131ff2233b30a406c1585a7171b2
  UIColorCategories: 8fbcc33a0ed3a03395caabfcb39f77231986413b
  VCTransitionsLibrary: 0624c9163552cf5ded57f80f6285e20fa2863607

COCOAPODS: 0.33.1
